
Microsoft Visual Studio Solution File, Format Version 12.00
# Visual Studio Version 16
VisualStudioVersion = 16.0.30907.101
MinimumVisualStudioVersion = 10.0.40219.1
Project("{FAE04EC0-301F-11D3-BF4B-00C04F79EFBC}") = "BlazorEfCoreRepro.Server", "Server\BlazorEfCoreRepro.Server.csproj", "{3AAB28A7-F964-4BD9-AD51-B72A8AC67B4D}"
EndProject
Project("{FAE04EC0-301F-11D3-BF4B-00C04F79EFBC}") = "BlazorEfCoreRepro.Client", "Client\BlazorEfCoreRepro.Client.csproj", "{101E1372-9147-4C69-B4B4-C84B1E95F466}"
EndProject
Project("{FAE04EC0-301F-11D3-BF4B-00C04F79EFBC}") = "BlazorEfCoreRepro.Shared", "Shared\BlazorEfCoreRepro.Shared.csproj", "{46BA9F18-1ADB-4889-BF7A-6E8EDCC1D5B7}"
EndProject
Global
	GlobalSection(SolutionConfigurationPlatforms) = preSolution
		Debug|Any CPU = Debug|Any CPU
		Release|Any CPU = Release|Any CPU
	EndGlobalSection
	GlobalSection(ProjectConfigurationPlatforms) = postSolution
		{3AAB28A7-F964-4BD9-AD51-B72A8AC67B4D}.Debug|Any CPU.ActiveCfg = Debug|Any CPU
		{3AAB28A7-F964-4BD9-AD51-B72A8AC67B4D}.Debug|Any CPU.Build.0 = Debug|Any CPU
		{3AAB28A7-F964-4BD9-AD51-B72A8AC67B4D}.Release|Any CPU.ActiveCfg = Release|Any CPU
		{3AAB28A7-F964-4BD9-AD51-B72A8AC67B4D}.Release|Any CPU.Build.0 = Release|Any CPU
		{101E1372-9147-4C69-B4B4-C84B1E95F466}.Debug|Any CPU.ActiveCfg = Debug|Any CPU
		{101E1372-9147-4C69-B4B4-C84B1E95F466}.Debug|Any CPU.Build.0 = Debug|Any CPU
		{101E1372-9147-4C69-B4B4-C84B1E95F466}.Release|Any CPU.ActiveCfg = Release|Any CPU
		{101E1372-9147-4C69-B4B4-C84B1E95F466}.Release|Any CPU.Build.0 = Release|Any CPU
		{46BA9F18-1ADB-4889-BF7A-6E8EDCC1D5B7}.Debug|Any CPU.ActiveCfg = Debug|Any CPU
		{46BA9F18-1ADB-4889-BF7A-6E8EDCC1D5B7}.Debug|Any CPU.Build.0 = Debug|Any CPU
		{46BA9F18-1ADB-4889-BF7A-6E8EDCC1D5B7}.Release|Any CPU.ActiveCfg = Release|Any CPU
		{46BA9F18-1ADB-4889-BF7A-6E8EDCC1D5B7}.Release|Any CPU.Build.0 = Release|Any CPU
	EndGlobalSection
	GlobalSection(SolutionProperties) = preSolution
		HideSolutionNode = FALSE
	EndGlobalSection
	GlobalSection(ExtensibilityGlobals) = postSolution
		SolutionGuid = {E551DC11-9672-44FB-8DDD-555B3E3862CF}
	EndGlobalSection
EndGlobal
